{
  "name": "typescripito",
  "version": "1.0.0",
  "lockfileVersion": 1,
  "requires": true,
  "dependencies": {
    "@types/micromodal": {
      "version": "0.3.2",
      "resolved": "https://registry.npmjs.org/@types/micromodal/-/micromodal-0.3.2.tgz",
      "integrity": "sha512-rQAprHsGUqtbngygYKWKpgbmWCbdR6injIeLELVjapsI7xXCjKlbaet62haRG+CLYOacXzlUlS0me8H+3RG1UQ==",
      "dev": true
    },
    "esbuild": {
      "version": "0.12.5",
      "resolved": "https://registry.npmjs.org/esbuild/-/esbuild-0.12.5.tgz",
      "integrity": "sha512-vcuP53pA5XiwUU4FnlXM+2PnVjTfHGthM7uP1gtp+9yfheGvFFbq/KyuESThmtoHPUrfZH5JpxGVJIFDVD1Egw=="
    },
    "micromodal": {
      "version": "0.4.6",
      "resolved": "https://registry.npmjs.org/micromodal/-/micromodal-0.4.6.tgz",
      "integrity": "sha512-2VDso2a22jWPpqwuWT/4RomVpoU3Bl9qF9D01xzwlNp5UVsImeA0gY4nSpF44vqcQtQOtkiMUV9EZkAJSRxBsg=="
    },
    "typescript": {
      "version": "4.3.2",
      "resolved": "https://registry.npmjs.org/typescript/-/typescript-4.3.2.tgz",
      "integrity": "sha512-zZ4hShnmnoVnAHpVHWpTcxdv7dWP60S2FsydQLV8V5PbS3FifjWFFRiHSWpDJahly88PRyV5teTSLoq4eG7mKw=="
    }
  }
}
